
Microsoft Visual Studio Solution File, Format Version 12.00
# Visual Studio Version 17
VisualStudioVersion = 17.3.32804.467
MinimumVisualStudioVersion = 10.0.40219.1
Project("{FAE04EC0-301F-11D3-BF4B-00C04F79EFBC}") = "BestBuyBestPractices", "BestBuyBestPractices\BestBuyBestPractices.csproj", "{029DE9DB-898C-42F4-85D7-3186E3593C57}"
EndProject
Global
	GlobalSection(SolutionConfigurationPlatforms) = preSolution
		Debug|Any CPU = Debug|Any CPU
		Release|Any CPU = Release|Any CPU
	EndGlobalSection
	GlobalSection(ProjectConfigurationPlatforms) = postSolution
		{029DE9DB-898C-42F4-85D7-3186E3593C57}.Debug|Any CPU.ActiveCfg = Debug|Any CPU
		{029DE9DB-898C-42F4-85D7-3186E3593C57}.Debug|Any CPU.Build.0 = Debug|Any CPU
		{029DE9DB-898C-42F4-85D7-3186E3593C57}.Release|Any CPU.ActiveCfg = Release|Any CPU
		{029DE9DB-898C-42F4-85D7-3186E3593C57}.Release|Any CPU.Build.0 = Release|Any CPU
	EndGlobalSection
	GlobalSection(SolutionProperties) = preSolution
		HideSolutionNode = FALSE
	EndGlobalSection
	GlobalSection(ExtensibilityGlobals) = postSolution
		SolutionGuid = {D7CE8666-BDA8-4C07-AFC1-6C19119951A8}
	EndGlobalSection
EndGlobal
